
Microsoft Visual Studio Solution File, Format Version 12.00
# Visual Studio 15
VisualStudioVersion = 15.0.26730.12
MinimumVisualStudioVersion = 10.0.40219.1
Project("{8BC9CEB8-8B4A-11D0-8D11-00A0C91BC942}") = "FileMgr", "FileMgr\FileMgr.vcxproj", "{DDEE27FF-855E-4D10-AD7B-79CB8966EF13}"
EndProject
Project("{8BC9CEB8-8B4A-11D0-8D11-00A0C91BC942}") = "CodeRepo", "CodeRepo\CodeRepo.vcxproj", "{D21045A0-432C-4E48-AE5A-93D686947516}"
EndProject
Project("{8BC9CEB8-8B4A-11D0-8D11-00A0C91BC942}") = "Executive", "NoSQLDB\Executive\Executive.vcxproj", "{7CC2C0A5-F346-4AE8-87AA-D7F3D1753CD6}"
EndProject
Project("{8BC9CEB8-8B4A-11D0-8D11-00A0C91BC942}") = "PayLoad", "NoSQLDB\PayLoad\PayLoad.vcxproj", "{CDEF5B56-A678-444B-A782-F85F542C33BC}"
EndProject
Project("{8BC9CEB8-8B4A-11D0-8D11-00A0C91BC942}") = "XmlDocument", "NoSQLDB\XmlDocument\XmlDocument\XmlDocument.vcxproj", "{0A82ECDC-7520-453A-8F2C-D813FEEE7537}"
EndProject
Project("{8BC9CEB8-8B4A-11D0-8D11-00A0C91BC942}") = "TestExecutive", "TestExecutive\TestExecutive.vcxproj", "{E0BAB182-0729-4FC8-9ECE-E80E4A845A97}"
EndProject
Project("{8BC9CEB8-8B4A-11D0-8D11-00A0C91BC942}") = "Process", "Process\Process\Process.vcxproj", "{5E2548A1-C280-49E1-A2B6-55F4BA12B3F2}"
EndProject
Project("{8BC9CEB8-8B4A-11D0-8D11-00A0C91BC942}") = "Checkout", "Checkout\Checkout.vcxproj", "{7A9C8AC2-0905-41C9-BE7D-125EAE27758E}"
EndProject
Project("{8BC9CEB8-8B4A-11D0-8D11-00A0C91BC942}") = "Version", "Version\Version.vcxproj", "{0DA0E575-B9C3-4EAF-8C86-5F4A639E751F}"
EndProject
Project("{8BC9CEB8-8B4A-11D0-8D11-00A0C91BC942}") = "Checkin", "Checkin\Checkin.vcxproj", "{65DB02AC-A75C-422B-ACCD-782C9BC2641D}"
EndProject
Project("{8BC9CEB8-8B4A-11D0-8D11-00A0C91BC942}") = "Browse", "Browse\Browse.vcxproj", "{2DF3B273-B4D6-409B-9877-4D0D64B29D8A}"
EndProject
Project("{8BC9CEB8-8B4A-11D0-8D11-00A0C91BC942}") = "RepoExec", "RepoExec\RepoExec.vcxproj", "{27E6921D-F406-4BA0-84CD-182D3B7E09D6}"
EndProject
Global
	GlobalSection(SolutionConfigurationPlatforms) = preSolution
		Debug|x64 = Debug|x64
		Debug|x86 = Debug|x86
		Release|x64 = Release|x64
		Release|x86 = Release|x86
	EndGlobalSection
	GlobalSection(ProjectConfigurationPlatforms) = postSolution
		{DDEE27FF-855E-4D10-AD7B-79CB8966EF13}.Debug|x64.ActiveCfg = Debug|Win32
		{DDEE27FF-855E-4D10-AD7B-79CB8966EF13}.Debug|x86.ActiveCfg = Debug|Win32
		{DDEE27FF-855E-4D10-AD7B-79CB8966EF13}.Debug|x86.Build.0 = Debug|Win32
		{DDEE27FF-855E-4D10-AD7B-79CB8966EF13}.Release|x64.ActiveCfg = Release|Win32
		{DDEE27FF-855E-4D10-AD7B-79CB8966EF13}.Release|x86.ActiveCfg = Release|Win32
		{DDEE27FF-855E-4D10-AD7B-79CB8966EF13}.Release|x86.Build.0 = Release|Win32
		{D21045A0-432C-4E48-AE5A-93D686947516}.Debug|x64.ActiveCfg = Debug|x64
		{D21045A0-432C-4E48-AE5A-93D686947516}.Debug|x64.Build.0 = Debug|x64
		{D21045A0-432C-4E48-AE5A-93D686947516}.Debug|x86.ActiveCfg = Debug|Win32
		{D21045A0-432C-4E48-AE5A-93D686947516}.Debug|x86.Build.0 = Debug|Win32
		{D21045A0-432C-4E48-AE5A-93D686947516}.Release|x64.ActiveCfg = Release|x64
		{D21045A0-432C-4E48-AE5A-93D686947516}.Release|x64.Build.0 = Release|x64
		{D21045A0-432C-4E48-AE5A-93D686947516}.Release|x86.ActiveCfg = Release|Win32
		{D21045A0-432C-4E48-AE5A-93D686947516}.Release|x86.Build.0 = Release|Win32
		{7CC2C0A5-F346-4AE8-87AA-D7F3D1753CD6}.Debug|x64.ActiveCfg = Debug|x64
		{7CC2C0A5-F346-4AE8-87AA-D7F3D1753CD6}.Debug|x64.Build.0 = Debug|x64
		{7CC2C0A5-F346-4AE8-87AA-D7F3D1753CD6}.Debug|x86.ActiveCfg = Debug|Win32
		{7CC2C0A5-F346-4AE8-87AA-D7F3D1753CD6}.Debug|x86.Build.0 = Debug|Win32
		{7CC2C0A5-F346-4AE8-87AA-D7F3D1753CD6}.Release|x64.ActiveCfg = Release|x64
		{7CC2C0A5-F346-4AE8-87AA-D7F3D1753CD6}.Release|x64.Build.0 = Release|x64
		{7CC2C0A5-F346-4AE8-87AA-D7F3D1753CD6}.Release|x86.ActiveCfg = Release|Win32
		{7CC2C0A5-F346-4AE8-87AA-D7F3D1753CD6}.Release|x86.Build.0 = Release|Win32
		{CDEF5B56-A678-444B-A782-F85F542C33BC}.Debug|x64.ActiveCfg = Debug|x64
		{CDEF5B56-A678-444B-A782-F85F542C33BC}.Debug|x64.Build.0 = Debug|x64
		{CDEF5B56-A678-444B-A782-F85F542C33BC}.Debug|x86.ActiveCfg = Debug|Win32
		{CDEF5B56-A678-444B-A782-F85F542C33BC}.Debug|x86.Build.0 = Debug|Win32
		{CDEF5B56-A678-444B-A782-F85F542C33BC}.Release|x64.ActiveCfg = Release|x64
		{CDEF5B56-A678-444B-A782-F85F542C33BC}.Release|x64.Build.0 = Release|x64
		{CDEF5B56-A678-444B-A782-F85F542C33BC}.Release|x86.ActiveCfg = Release|Win32
		{CDEF5B56-A678-444B-A782-F85F542C33BC}.Release|x86.Build.0 = Release|Win32
		{0A82ECDC-7520-453A-8F2C-D813FEEE7537}.Debug|x64.ActiveCfg = Debug|Win32
		{0A82ECDC-7520-453A-8F2C-D813FEEE7537}.Debug|x86.ActiveCfg = Debug|Win32
		{0A82ECDC-7520-453A-8F2C-D813FEEE7537}.Debug|x86.Build.0 = Debug|Win32
		{0A82ECDC-7520-453A-8F2C-D813FEEE7537}.Release|x64.ActiveCfg = Release|Win32
		{0A82ECDC-7520-453A-8F2C-D813FEEE7537}.Release|x86.ActiveCfg = Release|Win32
		{0A82ECDC-7520-453A-8F2C-D813FEEE7537}.Release|x86.Build.0 = Release|Win32
		{E0BAB182-0729-4FC8-9ECE-E80E4A845A97}.Debug|x64.ActiveCfg = Debug|x64
		{E0BAB182-0729-4FC8-9ECE-E80E4A845A97}.Debug|x64.Build.0 = Debug|x64
		{E0BAB182-0729-4FC8-9ECE-E80E4A845A97}.Debug|x86.ActiveCfg = Debug|Win32
		{E0BAB182-0729-4FC8-9ECE-E80E4A845A97}.Debug|x86.Build.0 = Debug|Win32
		{E0BAB182-0729-4FC8-9ECE-E80E4A845A97}.Release|x64.ActiveCfg = Release|x64
		{E0BAB182-0729-4FC8-9ECE-E80E4A845A97}.Release|x64.Build.0 = Release|x64
		{E0BAB182-0729-4FC8-9ECE-E80E4A845A97}.Release|x86.ActiveCfg = Release|Win32
		{E0BAB182-0729-4FC8-9ECE-E80E4A845A97}.Release|x86.Build.0 = Release|Win32
		{5E2548A1-C280-49E1-A2B6-55F4BA12B3F2}.Debug|x64.ActiveCfg = Debug|x64
		{5E2548A1-C280-49E1-A2B6-55F4BA12B3F2}.Debug|x64.Build.0 = Debug|x64
		{5E2548A1-C280-49E1-A2B6-55F4BA12B3F2}.Debug|x86.ActiveCfg = Debug|Win32
		{5E2548A1-C280-49E1-A2B6-55F4BA12B3F2}.Debug|x86.Build.0 = Debug|Win32
		{5E2548A1-C280-49E1-A2B6-55F4BA12B3F2}.Release|x64.ActiveCfg = Release|x64
		{5E2548A1-C280-49E1-A2B6-55F4BA12B3F2}.Release|x64.Build.0 = Release|x64
		{5E2548A1-C280-49E1-A2B6-55F4BA12B3F2}.Release|x86.ActiveCfg = Release|Win32
		{5E2548A1-C280-49E1-A2B6-55F4BA12B3F2}.Release|x86.Build.0 = Release|Win32
		{7A9C8AC2-0905-41C9-BE7D-125EAE27758E}.Debug|x64.ActiveCfg = Debug|x64
		{7A9C8AC2-0905-41C9-BE7D-125EAE27758E}.Debug|x64.Build.0 = Debug|x64
		{7A9C8AC2-0905-41C9-BE7D-125EAE27758E}.Debug|x86.ActiveCfg = Debug|Win32
		{7A9C8AC2-0905-41C9-BE7D-125EAE27758E}.Debug|x86.Build.0 = Debug|Win32
		{7A9C8AC2-0905-41C9-BE7D-125EAE27758E}.Release|x64.ActiveCfg = Release|x64
		{7A9C8AC2-0905-41C9-BE7D-125EAE27758E}.Release|x64.Build.0 = Release|x64
		{7A9C8AC2-0905-41C9-BE7D-125EAE27758E}.Release|x86.ActiveCfg = Release|Win32
		{7A9C8AC2-0905-41C9-BE7D-125EAE27758E}.Release|x86.Build.0 = Release|Win32
		{0DA0E575-B9C3-4EAF-8C86-5F4A639E751F}.Debug|x64.ActiveCfg = Debug|x64
		{0DA0E575-B9C3-4EAF-8C86-5F4A639E751F}.Debug|x64.Build.0 = Debug|x64
		{0DA0E575-B9C3-4EAF-8C86-5F4A639E751F}.Debug|x86.ActiveCfg = Debug|Win32
		{0DA0E575-B9C3-4EAF-8C86-5F4A639E751F}.Debug|x86.Build.0 = Debug|Win32
		{0DA0E575-B9C3-4EAF-8C86-5F4A639E751F}.Release|x64.ActiveCfg = Release|x64
		{0DA0E575-B9C3-4EAF-8C86-5F4A639E751F}.Release|x64.Build.0 = Release|x64
		{0DA0E575-B9C3-4EAF-8C86-5F4A639E751F}.Release|x86.ActiveCfg = Release|Win32
		{0DA0E575-B9C3-4EAF-8C86-5F4A639E751F}.Release|x86.Build.0 = Release|Win32
		{65DB02AC-A75C-422B-ACCD-782C9BC2641D}.Debug|x64.ActiveCfg = Debug|x64
		{65DB02AC-A75C-422B-ACCD-782C9BC2641D}.Debug|x64.Build.0 = Debug|x64
		{65DB02AC-A75C-422B-ACCD-782C9BC2641D}.Debug|x86.ActiveCfg = Debug|Win32
		{65DB02AC-A75C-422B-ACCD-782C9BC2641D}.Debug|x86.Build.0 = Debug|Win32
		{65DB02AC-A75C-422B-ACCD-782C9BC2641D}.Release|x64.ActiveCfg = Release|x64
		{65DB02AC-A75C-422B-ACCD-782C9BC2641D}.Release|x64.Build.0 = Release|x64
		{65DB02AC-A75C-422B-ACCD-782C9BC2641D}.Release|x86.ActiveCfg = Release|Win32
		{65DB02AC-A75C-422B-ACCD-782C9BC2641D}.Release|x86.Build.0 = Release|Win32
		{2DF3B273-B4D6-409B-9877-4D0D64B29D8A}.Debug|x64.ActiveCfg = Debug|x64
		{2DF3B273-B4D6-409B-9877-4D0D64B29D8A}.Debug|x64.Build.0 = Debug|x64
		{2DF3B273-B4D6-409B-9877-4D0D64B29D8A}.Debug|x86.ActiveCfg = Debug|Win32
		{2DF3B273-B4D6-409B-9877-4D0D64B29D8A}.Debug|x86.Build.0 = Debug|Win32
		{2DF3B273-B4D6-409B-9877-4D0D64B29D8A}.Release|x64.ActiveCfg = Release|x64
		{2DF3B273-B4D6-409B-9877-4D0D64B29D8A}.Release|x64.Build.0 = Release|x64
		{2DF3B273-B4D6-409B-9877-4D0D64B29D8A}.Release|x86.ActiveCfg = Release|Win32
		{2DF3B273-B4D6-409B-9877-4D0D64B29D8A}.Release|x86.Build.0 = Release|Win32
		{27E6921D-F406-4BA0-84CD-182D3B7E09D6}.Debug|x64.ActiveCfg = Debug|x64
		{27E6921D-F406-4BA0-84CD-182D3B7E09D6}.Debug|x64.Build.0 = Debug|x64
		{27E6921D-F406-4BA0-84CD-182D3B7E09D6}.Debug|x86.ActiveCfg = Debug|Win32
		{27E6921D-F406-4BA0-84CD-182D3B7E09D6}.Debug|x86.Build.0 = Debug|Win32
		{27E6921D-F406-4BA0-84CD-182D3B7E09D6}.Release|x64.ActiveCfg = Release|x64
		{27E6921D-F406-4BA0-84CD-182D3B7E09D6}.Release|x64.Build.0 = Release|x64
		{27E6921D-F406-4BA0-84CD-182D3B7E09D6}.Release|x86.ActiveCfg = Release|Win32
		{27E6921D-F406-4BA0-84CD-182D3B7E09D6}.Release|x86.Build.0 = Release|Win32
	EndGlobalSection
	GlobalSection(SolutionProperties) = preSolution
		HideSolutionNode = FALSE
	EndGlobalSection
	GlobalSection(ExtensibilityGlobals) = postSolution
		SolutionGuid = {9B236969-535B-40B2-A318-D42AD34C9D37}
	EndGlobalSection
EndGlobal
